
Microsoft Visual Studio Solution File, Format Version 12.00
# Visual Studio Version 17
VisualStudioVersion = 17.0.31903.59
MinimumVisualStudioVersion = 10.0.40219.1
Project("{FAE04EC0-301F-11D3-BF4B-00C04F79EFBC}") = "SafeVault", "SafeVault.csproj", "{A1E8F646-7235-4DFC-9137-03D660D22D16}"
EndProject
Project("{FAE04EC0-301F-11D3-BF4B-00C04F79EFBC}") = "SafeVault.Tests", "SafeVault.Tests\SafeVault.Tests.csproj", "{735BDF79-DEB9-439D-A973-0A912294EC04}"
EndProject
Global
	GlobalSection(SolutionConfigurationPlatforms) = preSolution
		Debug|Any CPU = Debug|Any CPU
		Release|Any CPU = Release|Any CPU
	EndGlobalSection
	GlobalSection(SolutionProperties) = preSolution
		HideSolutionNode = FALSE
	EndGlobalSection
	GlobalSection(ProjectConfigurationPlatforms) = postSolution
		{A1E8F646-7235-4DFC-9137-03D660D22D16}.Debug|Any CPU.ActiveCfg = Debug|Any CPU
		{A1E8F646-7235-4DFC-9137-03D660D22D16}.Debug|Any CPU.Build.0 = Debug|Any CPU
		{A1E8F646-7235-4DFC-9137-03D660D22D16}.Release|Any CPU.ActiveCfg = Release|Any CPU
		{A1E8F646-7235-4DFC-9137-03D660D22D16}.Release|Any CPU.Build.0 = Release|Any CPU
		{735BDF79-DEB9-439D-A973-0A912294EC04}.Debug|Any CPU.ActiveCfg = Debug|Any CPU
		{735BDF79-DEB9-439D-A973-0A912294EC04}.Debug|Any CPU.Build.0 = Debug|Any CPU
		{735BDF79-DEB9-439D-A973-0A912294EC04}.Release|Any CPU.ActiveCfg = Release|Any CPU
		{735BDF79-DEB9-439D-A973-0A912294EC04}.Release|Any CPU.Build.0 = Release|Any CPU
	EndGlobalSection
EndGlobal
